
Microsoft Visual Studio Solution File, Format Version 12.00
# Visual Studio Version 16
VisualStudioVersion = 16.0.30204.135
MinimumVisualStudioVersion = 10.0.40219.1
Project("{9A19103F-16F7-4668-BE54-9A1E7A4F7556}") = "CrashAlarm", "CrashAlarm\CrashAlarm\CrashAlarm.csproj", "{43FDBE66-1737-4A0D-97DA-8E4F34E612B8}"
EndProject
Project("{FAE04EC0-301F-11D3-BF4B-00C04F79EFBC}") = "CrashAlarm.Android", "CrashAlarm\CrashAlarm.Android\CrashAlarm.Android.csproj", "{42489BB6-EA2A-4A15-8E0A-4B3BCA75B0AD}"
EndProject
Project("{FAE04EC0-301F-11D3-BF4B-00C04F79EFBC}") = "CrashAlarm.iOS", "CrashAlarm\CrashAlarm.iOS\CrashAlarm.iOS.csproj", "{9C84E488-9549-4999-B132-56F5681514EC}"
EndProject
Project("{FAE04EC0-301F-11D3-BF4B-00C04F79EFBC}") = "CrashAlarm.UWP", "CrashAlarm\CrashAlarm.UWP\CrashAlarm.UWP.csproj", "{3D876EFB-83B7-4C89-AA51-0EC4531BAD29}"
EndProject
Global
	GlobalSection(SolutionConfigurationPlatforms) = preSolution
		Ad-Hoc|Any CPU = Ad-Hoc|Any CPU
		Ad-Hoc|ARM = Ad-Hoc|ARM
		Ad-Hoc|iPhone = Ad-Hoc|iPhone
		Ad-Hoc|iPhoneSimulator = Ad-Hoc|iPhoneSimulator
		Ad-Hoc|x64 = Ad-Hoc|x64
		Ad-Hoc|x86 = Ad-Hoc|x86
		AppStore|Any CPU = AppStore|Any CPU
		AppStore|ARM = AppStore|ARM
		AppStore|iPhone = AppStore|iPhone
		AppStore|iPhoneSimulator = AppStore|iPhoneSimulator
		AppStore|x64 = AppStore|x64
		AppStore|x86 = AppStore|x86
		Debug|Any CPU = Debug|Any CPU
		Debug|ARM = Debug|ARM
		Debug|iPhone = Debug|iPhone
		Debug|iPhoneSimulator = Debug|iPhoneSimulator
		Debug|x64 = Debug|x64
		Debug|x86 = Debug|x86
		Release|Any CPU = Release|Any CPU
		Release|ARM = Release|ARM
		Release|iPhone = Release|iPhone
		Release|iPhoneSimulator = Release|iPhoneSimulator
		Release|x64 = Release|x64
		Release|x86 = Release|x86
	EndGlobalSection
	GlobalSection(ProjectConfigurationPlatforms) = postSolution
		{43FDBE66-1737-4A0D-97DA-8E4F34E612B8}.Ad-Hoc|Any CPU.ActiveCfg = Debug|Any CPU
		{43FDBE66-1737-4A0D-97DA-8E4F34E612B8}.Ad-Hoc|Any CPU.Build.0 = Debug|Any CPU
		{43FDBE66-1737-4A0D-97DA-8E4F34E612B8}.Ad-Hoc|ARM.ActiveCfg = Debug|Any CPU
		{43FDBE66-1737-4A0D-97DA-8E4F34E612B8}.Ad-Hoc|ARM.Build.0 = Debug|Any CPU
		{43FDBE66-1737-4A0D-97DA-8E4F34E612B8}.Ad-Hoc|iPhone.ActiveCfg = Debug|Any CPU
		{43FDBE66-1737-4A0D-97DA-8E4F34E612B8}.Ad-Hoc|iPhone.Build.0 = Debug|Any CPU
		{43FDBE66-1737-4A0D-97DA-8E4F34E612B8}.Ad-Hoc|iPhoneSimulator.ActiveCfg = Debug|Any CPU
		{43FDBE66-1737-4A0D-97DA-8E4F34E612B8}.Ad-Hoc|iPhoneSimulator.Build.0 = Debug|Any CPU
		{43FDBE66-1737-4A0D-97DA-8E4F34E612B8}.Ad-Hoc|x64.ActiveCfg = Debug|Any CPU
		{43FDBE66-1737-4A0D-97DA-8E4F34E612B8}.Ad-Hoc|x64.Build.0 = Debug|Any CPU
		{43FDBE66-1737-4A0D-97DA-8E4F34E612B8}.Ad-Hoc|x86.ActiveCfg = Debug|Any CPU
		{43FDBE66-1737-4A0D-97DA-8E4F34E612B8}.Ad-Hoc|x86.Build.0 = Debug|Any CPU
		{43FDBE66-1737-4A0D-97DA-8E4F34E612B8}.AppStore|Any CPU.ActiveCfg = Debug|Any CPU
		{43FDBE66-1737-4A0D-97DA-8E4F34E612B8}.AppStore|Any CPU.Build.0 = Debug|Any CPU
		{43FDBE66-1737-4A0D-97DA-8E4F34E612B8}.AppStore|ARM.ActiveCfg = Debug|Any CPU
		{43FDBE66-1737-4A0D-97DA-8E4F34E612B8}.AppStore|ARM.Build.0 = Debug|Any CPU
		{43FDBE66-1737-4A0D-97DA-8E4F34E612B8}.AppStore|iPhone.ActiveCfg = Debug|Any CPU
		{43FDBE66-1737-4A0D-97DA-8E4F34E612B8}.AppStore|iPhone.Build.0 = Debug|Any CPU
		{43FDBE66-1737-4A0D-97DA-8E4F34E612B8}.AppStore|iPhoneSimulator.ActiveCfg = Debug|Any CPU
		{43FDBE66-1737-4A0D-97DA-8E4F34E612B8}.AppStore|iPhoneSimulator.Build.0 = Debug|Any CPU
		{43FDBE66-1737-4A0D-97DA-8E4F34E612B8}.AppStore|x64.ActiveCfg = Debug|Any CPU
		{43FDBE66-1737-4A0D-97DA-8E4F34E612B8}.AppStore|x64.Build.0 = Debug|Any CPU
		{43FDBE66-1737-4A0D-97DA-8E4F34E612B8}.AppStore|x86.ActiveCfg = Debug|Any CPU
		{43FDBE66-1737-4A0D-97DA-8E4F34E612B8}.AppStore|x86.Build.0 = Debug|Any CPU
		{43FDBE66-1737-4A0D-97DA-8E4F34E612B8}.Debug|Any CPU.ActiveCfg = Debug|Any CPU
		{43FDBE66-1737-4A0D-97DA-8E4F34E612B8}.Debug|Any CPU.Build.0 = Debug|Any CPU
		{43FDBE66-1737-4A0D-97DA-8E4F34E612B8}.Debug|ARM.ActiveCfg = Debug|Any CPU
		{43FDBE66-1737-4A0D-97DA-8E4F34E612B8}.Debug|ARM.Build.0 = Debug|Any CPU
		{43FDBE66-1737-4A0D-97DA-8E4F34E612B8}.Debug|iPhone.ActiveCfg = Debug|Any CPU
		{43FDBE66-1737-4A0D-97DA-8E4F34E612B8}.Debug|iPhone.Build.0 = Debug|Any CPU
		{43FDBE66-1737-4A0D-97DA-8E4F34E612B8}.Debug|iPhoneSimulator.ActiveCfg = Debug|Any CPU
		{43FDBE66-1737-4A0D-97DA-8E4F34E612B8}.Debug|iPhoneSimulator.Build.0 = Debug|Any CPU
		{43FDBE66-1737-4A0D-97DA-8E4F34E612B8}.Debug|x64.ActiveCfg = Debug|Any CPU
		{43FDBE66-1737-4A0D-97DA-8E4F34E612B8}.Debug|x64.Build.0 = Debug|Any CPU
		{43FDBE66-1737-4A0D-97DA-8E4F34E612B8}.Debug|x86.ActiveCfg = Debug|Any CPU
		{43FDBE66-1737-4A0D-97DA-8E4F34E612B8}.Debug|x86.Build.0 = Debug|Any CPU
		{43FDBE66-1737-4A0D-97DA-8E4F34E612B8}.Release|Any CPU.ActiveCfg = Release|Any CPU
		{43FDBE66-1737-4A0D-97DA-8E4F34E612B8}.Release|Any CPU.Build.0 = Release|Any CPU
		{43FDBE66-1737-4A0D-97DA-8E4F34E612B8}.Release|ARM.ActiveCfg = Release|Any CPU
		{43FDBE66-1737-4A0D-97DA-8E4F34E612B8}.Release|ARM.Build.0 = Release|Any CPU
		{43FDBE66-1737-4A0D-97DA-8E4F34E612B8}.Release|iPhone.ActiveCfg = Release|Any CPU
		{43FDBE66-1737-4A0D-97DA-8E4F34E612B8}.Release|iPhone.Build.0 = Release|Any CPU
		{43FDBE66-1737-4A0D-97DA-8E4F34E612B8}.Release|iPhoneSimulator.ActiveCfg = Release|Any CPU
		{43FDBE66-1737-4A0D-97DA-8E4F34E612B8}.Release|iPhoneSimulator.Build.0 = Release|Any CPU
		{43FDBE66-1737-4A0D-97DA-8E4F34E612B8}.Release|x64.ActiveCfg = Release|Any CPU
		{43FDBE66-1737-4A0D-97DA-8E4F34E612B8}.Release|x64.Build.0 = Release|Any CPU
		{43FDBE66-1737-4A0D-97DA-8E4F34E612B8}.Release|x86.ActiveCfg = Release|Any CPU
		{43FDBE66-1737-4A0D-97DA-8E4F34E612B8}.Release|x86.Build.0 = Release|Any CPU
		{42489BB6-EA2A-4A15-8E0A-4B3BCA75B0AD}.Ad-Hoc|Any CPU.ActiveCfg = Release|Any CPU
		{42489BB6-EA2A-4A15-8E0A-4B3BCA75B0AD}.Ad-Hoc|Any CPU.Build.0 = Release|Any CPU
		{42489BB6-EA2A-4A15-8E0A-4B3BCA75B0AD}.Ad-Hoc|Any CPU.Deploy.0 = Release|Any CPU
		{42489BB6-EA2A-4A15-8E0A-4B3BCA75B0AD}.Ad-Hoc|ARM.ActiveCfg = Release|Any CPU
		{42489BB6-EA2A-4A15-8E0A-4B3BCA75B0AD}.Ad-Hoc|ARM.Build.0 = Release|Any CPU
		{42489BB6-EA2A-4A15-8E0A-4B3BCA75B0AD}.Ad-Hoc|ARM.Deploy.0 = Release|Any CPU
		{42489BB6-EA2A-4A15-8E0A-4B3BCA75B0AD}.Ad-Hoc|iPhone.ActiveCfg = Release|Any CPU
		{42489BB6-EA2A-4A15-8E0A-4B3BCA75B0AD}.Ad-Hoc|iPhone.Build.0 = Release|Any CPU
		{42489BB6-EA2A-4A15-8E0A-4B3BCA75B0AD}.Ad-Hoc|iPhone.Deploy.0 = Release|Any CPU
		{42489BB6-EA2A-4A15-8E0A-4B3BCA75B0AD}.Ad-Hoc|iPhoneSimulator.ActiveCfg = Release|Any CPU
		{42489BB6-EA2A-4A15-8E0A-4B3BCA75B0AD}.Ad-Hoc|iPhoneSimulator.Build.0 = Release|Any CPU
		{42489BB6-EA2A-4A15-8E0A-4B3BCA75B0AD}.Ad-Hoc|iPhoneSimulator.Deploy.0 = Release|Any CPU
		{42489BB6-EA2A-4A15-8E0A-4B3BCA75B0AD}.Ad-Hoc|x64.ActiveCfg = Release|Any CPU
		{42489BB6-EA2A-4A15-8E0A-4B3BCA75B0AD}.Ad-Hoc|x64.Build.0 = Release|Any CPU
		{42489BB6-EA2A-4A15-8E0A-4B3BCA75B0AD}.Ad-Hoc|x64.Deploy.0 = Release|Any CPU
		{42489BB6-EA2A-4A15-8E0A-4B3BCA75B0AD}.Ad-Hoc|x86.ActiveCfg = Release|Any CPU
		{42489BB6-EA2A-4A15-8E0A-4B3BCA75B0AD}.Ad-Hoc|x86.Build.0 = Release|Any CPU
		{42489BB6-EA2A-4A15-8E0A-4B3BCA75B0AD}.Ad-Hoc|x86.Deploy.0 = Release|Any CPU
		{42489BB6-EA2A-4A15-8E0A-4B3BCA75B0AD}.AppStore|Any CPU.ActiveCfg = Release|Any CPU
		{42489BB6-EA2A-4A15-8E0A-4B3BCA75B0AD}.AppStore|Any CPU.Build.0 = Release|Any CPU
		{42489BB6-EA2A-4A15-8E0A-4B3BCA75B0AD}.AppStore|Any CPU.Deploy.0 = Release|Any CPU
		{42489BB6-EA2A-4A15-8E0A-4B3BCA75B0AD}.AppStore|ARM.ActiveCfg = Release|Any CPU
		{42489BB6-EA2A-4A15-8E0A-4B3BCA75B0AD}.AppStore|ARM.Build.0 = Release|Any CPU
		{42489BB6-EA2A-4A15-8E0A-4B3BCA75B0AD}.AppStore|ARM.Deploy.0 = Release|Any CPU
		{42489BB6-EA2A-4A15-8E0A-4B3BCA75B0AD}.AppStore|iPhone.ActiveCfg = Release|Any CPU
		{42489BB6-EA2A-4A15-8E0A-4B3BCA75B0AD}.AppStore|iPhone.Build.0 = Release|Any CPU
		{42489BB6-EA2A-4A15-8E0A-4B3BCA75B0AD}.AppStore|iPhone.Deploy.0 = Release|Any CPU
		{42489BB6-EA2A-4A15-8E0A-4B3BCA75B0AD}.AppStore|iPhoneSimulator.ActiveCfg = Release|Any CPU
		{42489BB6-EA2A-4A15-8E0A-4B3BCA75B0AD}.AppStore|iPhoneSimulator.Build.0 = Release|Any CPU
		{42489BB6-EA2A-4A15-8E0A-4B3BCA75B0AD}.AppStore|iPhoneSimulator.Deploy.0 = Release|Any CPU
		{42489BB6-EA2A-4A15-8E0A-4B3BCA75B0AD}.AppStore|x64.ActiveCfg = Release|Any CPU
		{42489BB6-EA2A-4A15-8E0A-4B3BCA75B0AD}.AppStore|x64.Build.0 = Release|Any CPU
		{42489BB6-EA2A-4A15-8E0A-4B3BCA75B0AD}.AppStore|x64.Deploy.0 = Release|Any CPU
		{42489BB6-EA2A-4A15-8E0A-4B3BCA75B0AD}.AppStore|x86.ActiveCfg = Release|Any CPU
		{42489BB6-EA2A-4A15-8E0A-4B3BCA75B0AD}.AppStore|x86.Build.0 = Release|Any CPU
		{42489BB6-EA2A-4A15-8E0A-4B3BCA75B0AD}.AppStore|x86.Deploy.0 = Release|Any CPU
		{42489BB6-EA2A-4A15-8E0A-4B3BCA75B0AD}.Debug|Any CPU.ActiveCfg = Debug|Any CPU
		{42489BB6-EA2A-4A15-8E0A-4B3BCA75B0AD}.Debug|Any CPU.Build.0 = Debug|Any CPU
		{42489BB6-EA2A-4A15-8E0A-4B3BCA75B0AD}.Debug|Any CPU.Deploy.0 = Debug|Any CPU
		{42489BB6-EA2A-4A15-8E0A-4B3BCA75B0AD}.Debug|ARM.ActiveCfg = Debug|Any CPU
		{42489BB6-EA2A-4A15-8E0A-4B3BCA75B0AD}.Debug|ARM.Build.0 = Debug|Any CPU
		{42489BB6-EA2A-4A15-8E0A-4B3BCA75B0AD}.Debug|ARM.Deploy.0 = Debug|Any CPU
		{42489BB6-EA2A-4A15-8E0A-4B3BCA75B0AD}.Debug|iPhone.ActiveCfg = Debug|Any CPU
		{42489BB6-EA2A-4A15-8E0A-4B3BCA75B0AD}.Debug|iPhone.Build.0 = Debug|Any CPU
		{42489BB6-EA2A-4A15-8E0A-4B3BCA75B0AD}.Debug|iPhone.Deploy.0 = Debug|Any CPU
		{42489BB6-EA2A-4A15-8E0A-4B3BCA75B0AD}.Debug|iPhoneSimulator.ActiveCfg = Debug|Any CPU
		{42489BB6-EA2A-4A15-8E0A-4B3BCA75B0AD}.Debug|iPhoneSimulator.Build.0 = Debug|Any CPU
		{42489BB6-EA2A-4A15-8E0A-4B3BCA75B0AD}.Debug|iPhoneSimulator.Deploy.0 = Debug|Any CPU
		{42489BB6-EA2A-4A15-8E0A-4B3BCA75B0AD}.Debug|x64.ActiveCfg = Debug|Any CPU
		{42489BB6-EA2A-4A15-8E0A-4B3BCA75B0AD}.Debug|x64.Build.0 = Debug|Any CPU
		{42489BB6-EA2A-4A15-8E0A-4B3BCA75B0AD}.Debug|x64.Deploy.0 = Debug|Any CPU
		{42489BB6-EA2A-4A15-8E0A-4B3BCA75B0AD}.Debug|x86.ActiveCfg = Debug|Any CPU
		{42489BB6-EA2A-4A15-8E0A-4B3BCA75B0AD}.Debug|x86.Build.0 = Debug|Any CPU
		{42489BB6-EA2A-4A15-8E0A-4B3BCA75B0AD}.Debug|x86.Deploy.0 = Debug|Any CPU
		{42489BB6-EA2A-4A15-8E0A-4B3BCA75B0AD}.Release|Any CPU.ActiveCfg = Release|Any CPU
		{42489BB6-EA2A-4A15-8E0A-4B3BCA75B0AD}.Release|Any CPU.Build.0 = Release|Any CPU
		{42489BB6-EA2A-4A15-8E0A-4B3BCA75B0AD}.Release|Any CPU.Deploy.0 = Release|Any CPU
		{42489BB6-EA2A-4A15-8E0A-4B3BCA75B0AD}.Release|ARM.ActiveCfg = Release|Any CPU
		{42489BB6-EA2A-4A15-8E0A-4B3BCA75B0AD}.Release|ARM.Build.0 = Release|Any CPU
		{42489BB6-EA2A-4A15-8E0A-4B3BCA75B0AD}.Release|ARM.Deploy.0 = Release|Any CPU
		{42489BB6-EA2A-4A15-8E0A-4B3BCA75B0AD}.Release|iPhone.ActiveCfg = Release|Any CPU
		{42489BB6-EA2A-4A15-8E0A-4B3BCA75B0AD}.Release|iPhone.Build.0 = Release|Any CPU
		{42489BB6-EA2A-4A15-8E0A-4B3BCA75B0AD}.Release|iPhone.Deploy.0 = Release|Any CPU
		{42489BB6-EA2A-4A15-8E0A-4B3BCA75B0AD}.Release|iPhoneSimulator.ActiveCfg = Release|Any CPU
		{42489BB6-EA2A-4A15-8E0A-4B3BCA75B0AD}.Release|iPhoneSimulator.Build.0 = Release|Any CPU
		{42489BB6-EA2A-4A15-8E0A-4B3BCA75B0AD}.Release|iPhoneSimulator.Deploy.0 = Release|Any CPU
		{42489BB6-EA2A-4A15-8E0A-4B3BCA75B0AD}.Release|x64.ActiveCfg = Release|Any CPU
		{42489BB6-EA2A-4A15-8E0A-4B3BCA75B0AD}.Release|x64.Build.0 = Release|Any CPU
		{42489BB6-EA2A-4A15-8E0A-4B3BCA75B0AD}.Release|x64.Deploy.0 = Release|Any CPU
		{42489BB6-EA2A-4A15-8E0A-4B3BCA75B0AD}.Release|x86.ActiveCfg = Release|Any CPU
		{42489BB6-EA2A-4A15-8E0A-4B3BCA75B0AD}.Release|x86.Build.0 = Release|Any CPU
		{42489BB6-EA2A-4A15-8E0A-4B3BCA75B0AD}.Release|x86.Deploy.0 = Release|Any CPU
		{9C84E488-9549-4999-B132-56F5681514EC}.Ad-Hoc|Any CPU.ActiveCfg = Ad-Hoc|iPhone
		{9C84E488-9549-4999-B132-56F5681514EC}.Ad-Hoc|ARM.ActiveCfg = Ad-Hoc|iPhone
		{9C84E488-9549-4999-B132-56F5681514EC}.Ad-Hoc|iPhone.ActiveCfg = Ad-Hoc|iPhone
		{9C84E488-9549-4999-B132-56F5681514EC}.Ad-Hoc|iPhone.Build.0 = Ad-Hoc|iPhone
		{9C84E488-9549-4999-B132-56F5681514EC}.Ad-Hoc|iPhoneSimulator.ActiveCfg = Ad-Hoc|iPhoneSimulator
		{9C84E488-9549-4999-B132-56F5681514EC}.Ad-Hoc|iPhoneSimulator.Build.0 = Ad-Hoc|iPhoneSimulator
		{9C84E488-9549-4999-B132-56F5681514EC}.Ad-Hoc|x64.ActiveCfg = Ad-Hoc|iPhone
		{9C84E488-9549-4999-B132-56F5681514EC}.Ad-Hoc|x86.ActiveCfg = Ad-Hoc|iPhone
		{9C84E488-9549-4999-B132-56F5681514EC}.AppStore|Any CPU.ActiveCfg = AppStore|iPhone
		{9C84E488-9549-4999-B132-56F5681514EC}.AppStore|ARM.ActiveCfg = AppStore|iPhone
		{9C84E488-9549-4999-B132-56F5681514EC}.AppStore|iPhone.ActiveCfg = AppStore|iPhone
		{9C84E488-9549-4999-B132-56F5681514EC}.AppStore|iPhone.Build.0 = AppStore|iPhone
		{9C84E488-9549-4999-B132-56F5681514EC}.AppStore|iPhoneSimulator.ActiveCfg = AppStore|iPhoneSimulator
		{9C84E488-9549-4999-B132-56F5681514EC}.AppStore|iPhoneSimulator.Build.0 = AppStore|iPhoneSimulator
		{9C84E488-9549-4999-B132-56F5681514EC}.AppStore|x64.ActiveCfg = AppStore|iPhone
		{9C84E488-9549-4999-B132-56F5681514EC}.AppStore|x86.ActiveCfg = AppStore|iPhone
		{9C84E488-9549-4999-B132-56F5681514EC}.Debug|Any CPU.ActiveCfg = Debug|iPhone
		{9C84E488-9549-4999-B132-56F5681514EC}.Debug|ARM.ActiveCfg = Debug|iPhone
		{9C84E488-9549-4999-B132-56F5681514EC}.Debug|iPhone.ActiveCfg = Debug|iPhone
		{9C84E488-9549-4999-B132-56F5681514EC}.Debug|iPhone.Build.0 = Debug|iPhone
		{9C84E488-9549-4999-B132-56F5681514EC}.Debug|iPhoneSimulator.ActiveCfg = Debug|iPhoneSimulator
		{9C84E488-9549-4999-B132-56F5681514EC}.Debug|iPhoneSimulator.Build.0 = Debug|iPhoneSimulator
		{9C84E488-9549-4999-B132-56F5681514EC}.Debug|x64.ActiveCfg = Debug|iPhone
		{9C84E488-9549-4999-B132-56F5681514EC}.Debug|x86.ActiveCfg = Debug|iPhone
		{9C84E488-9549-4999-B132-56F5681514EC}.Release|Any CPU.ActiveCfg = Release|iPhone
		{9C84E488-9549-4999-B132-56F5681514EC}.Release|ARM.ActiveCfg = Release|iPhone
		{9C84E488-9549-4999-B132-56F5681514EC}.Release|iPhone.ActiveCfg = Release|iPhone
		{9C84E488-9549-4999-B132-56F5681514EC}.Release|iPhone.Build.0 = Release|iPhone
		{9C84E488-9549-4999-B132-56F5681514EC}.Release|iPhoneSimulator.ActiveCfg = Release|iPhoneSimulator
		{9C84E488-9549-4999-B132-56F5681514EC}.Release|iPhoneSimulator.Build.0 = Release|iPhoneSimulator
		{9C84E488-9549-4999-B132-56F5681514EC}.Release|x64.ActiveCfg = Release|iPhone
		{9C84E488-9549-4999-B132-56F5681514EC}.Release|x86.ActiveCfg = Release|iPhone
		{3D876EFB-83B7-4C89-AA51-0EC4531BAD29}.Ad-Hoc|Any CPU.ActiveCfg = Release|x86
		{3D876EFB-83B7-4C89-AA51-0EC4531BAD29}.Ad-Hoc|Any CPU.Build.0 = Release|x86
		{3D876EFB-83B7-4C89-AA51-0EC4531BAD29}.Ad-Hoc|Any CPU.Deploy.0 = Release|x86
		{3D876EFB-83B7-4C89-AA51-0EC4531BAD29}.Ad-Hoc|ARM.ActiveCfg = Release|ARM
		{3D876EFB-83B7-4C89-AA51-0EC4531BAD29}.Ad-Hoc|ARM.Build.0 = Release|ARM
		{3D876EFB-83B7-4C89-AA51-0EC4531BAD29}.Ad-Hoc|ARM.Deploy.0 = Release|ARM
		{3D876EFB-83B7-4C89-AA51-0EC4531BAD29}.Ad-Hoc|iPhone.ActiveCfg = Release|x86
		{3D876EFB-83B7-4C89-AA51-0EC4531BAD29}.Ad-Hoc|iPhone.Build.0 = Release|x86
		{3D876EFB-83B7-4C89-AA51-0EC4531BAD29}.Ad-Hoc|iPhone.Deploy.0 = Release|x86
		{3D876EFB-83B7-4C89-AA51-0EC4531BAD29}.Ad-Hoc|iPhoneSimulator.ActiveCfg = Release|x86
		{3D876EFB-83B7-4C89-AA51-0EC4531BAD29}.Ad-Hoc|iPhoneSimulator.Build.0 = Release|x86
		{3D876EFB-83B7-4C89-AA51-0EC4531BAD29}.Ad-Hoc|iPhoneSimulator.Deploy.0 = Release|x86
		{3D876EFB-83B7-4C89-AA51-0EC4531BAD29}.Ad-Hoc|x64.ActiveCfg = Release|x64
		{3D876EFB-83B7-4C89-AA51-0EC4531BAD29}.Ad-Hoc|x64.Build.0 = Release|x64
		{3D876EFB-83B7-4C89-AA51-0EC4531BAD29}.Ad-Hoc|x64.Deploy.0 = Release|x64
		{3D876EFB-83B7-4C89-AA51-0EC4531BAD29}.Ad-Hoc|x86.ActiveCfg = Release|x86
		{3D876EFB-83B7-4C89-AA51-0EC4531BAD29}.Ad-Hoc|x86.Build.0 = Release|x86
		{3D876EFB-83B7-4C89-AA51-0EC4531BAD29}.Ad-Hoc|x86.Deploy.0 = Release|x86
		{3D876EFB-83B7-4C89-AA51-0EC4531BAD29}.AppStore|Any CPU.ActiveCfg = Release|x86
		{3D876EFB-83B7-4C89-AA51-0EC4531BAD29}.AppStore|Any CPU.Build.0 = Release|x86
		{3D876EFB-83B7-4C89-AA51-0EC4531BAD29}.AppStore|Any CPU.Deploy.0 = Release|x86
		{3D876EFB-83B7-4C89-AA51-0EC4531BAD29}.AppStore|ARM.ActiveCfg = Release|ARM
		{3D876EFB-83B7-4C89-AA51-0EC4531BAD29}.AppStore|ARM.Build.0 = Release|ARM
		{3D876EFB-83B7-4C89-AA51-0EC4531BAD29}.AppStore|ARM.Deploy.0 = Release|ARM
		{3D876EFB-83B7-4C89-AA51-0EC4531BAD29}.AppStore|iPhone.ActiveCfg = Release|x86
		{3D876EFB-83B7-4C89-AA51-0EC4531BAD29}.AppStore|iPhone.Build.0 = Release|x86
		{3D876EFB-83B7-4C89-AA51-0EC4531BAD29}.AppStore|iPhone.Deploy.0 = Release|x86
		{3D876EFB-83B7-4C89-AA51-0EC4531BAD29}.AppStore|iPhoneSimulator.ActiveCfg = Release|x86
		{3D876EFB-83B7-4C89-AA51-0EC4531BAD29}.AppStore|iPhoneSimulator.Build.0 = Release|x86
		{3D876EFB-83B7-4C89-AA51-0EC4531BAD29}.AppStore|iPhoneSimulator.Deploy.0 = Release|x86
		{3D876EFB-83B7-4C89-AA51-0EC4531BAD29}.AppStore|x64.ActiveCfg = Release|x64
		{3D876EFB-83B7-4C89-AA51-0EC4531BAD29}.AppStore|x64.Build.0 = Release|x64
		{3D876EFB-83B7-4C89-AA51-0EC4531BAD29}.AppStore|x64.Deploy.0 = Release|x64
		{3D876EFB-83B7-4C89-AA51-0EC4531BAD29}.AppStore|x86.ActiveCfg = Release|x86
		{3D876EFB-83B7-4C89-AA51-0EC4531BAD29}.AppStore|x86.Build.0 = Release|x86
		{3D876EFB-83B7-4C89-AA51-0EC4531BAD29}.AppStore|x86.Deploy.0 = Release|x86
		{3D876EFB-83B7-4C89-AA51-0EC4531BAD29}.Debug|Any CPU.ActiveCfg = Debug|x86
		{3D876EFB-83B7-4C89-AA51-0EC4531BAD29}.Debug|Any CPU.Build.0 = Debug|x86
		{3D876EFB-83B7-4C89-AA51-0EC4531BAD29}.Debug|Any CPU.Deploy.0 = Debug|x86
		{3D876EFB-83B7-4C89-AA51-0EC4531BAD29}.Debug|ARM.ActiveCfg = Debug|ARM
		{3D876EFB-83B7-4C89-AA51-0EC4531BAD29}.Debug|ARM.Build.0 = Debug|ARM
		{3D876EFB-83B7-4C89-AA51-0EC4531BAD29}.Debug|ARM.Deploy.0 = Debug|ARM
		{3D876EFB-83B7-4C89-AA51-0EC4531BAD29}.Debug|iPhone.ActiveCfg = Debug|x86
		{3D876EFB-83B7-4C89-AA51-0EC4531BAD29}.Debug|iPhoneSimulator.ActiveCfg = Debug|x86
		{3D876EFB-83B7-4C89-AA51-0EC4531BAD29}.Debug|x64.ActiveCfg = Debug|x64
		{3D876EFB-83B7-4C89-AA51-0EC4531BAD29}.Debug|x64.Build.0 = Debug|x64
		{3D876EFB-83B7-4C89-AA51-0EC4531BAD29}.Debug|x64.Deploy.0 = Debug|x64
		{3D876EFB-83B7-4C89-AA51-0EC4531BAD29}.Debug|x86.ActiveCfg = Debug|x86
		{3D876EFB-83B7-4C89-AA51-0EC4531BAD29}.Debug|x86.Build.0 = Debug|x86
		{3D876EFB-83B7-4C89-AA51-0EC4531BAD29}.Debug|x86.Deploy.0 = Debug|x86
		{3D876EFB-83B7-4C89-AA51-0EC4531BAD29}.Release|Any CPU.ActiveCfg = Release|x86
		{3D876EFB-83B7-4C89-AA51-0EC4531BAD29}.Release|ARM.ActiveCfg = Release|ARM
		{3D876EFB-83B7-4C89-AA51-0EC4531BAD29}.Release|ARM.Build.0 = Release|ARM
		{3D876EFB-83B7-4C89-AA51-0EC4531BAD29}.Release|ARM.Deploy.0 = Release|ARM
		{3D876EFB-83B7-4C89-AA51-0EC4531BAD29}.Release|iPhone.ActiveCfg = Release|x86
		{3D876EFB-83B7-4C89-AA51-0EC4531BAD29}.Release|iPhoneSimulator.ActiveCfg = Release|x86
		{3D876EFB-83B7-4C89-AA51-0EC4531BAD29}.Release|x64.ActiveCfg = Release|x64
		{3D876EFB-83B7-4C89-AA51-0EC4531BAD29}.Release|x64.Build.0 = Release|x64
		{3D876EFB-83B7-4C89-AA51-0EC4531BAD29}.Release|x64.Deploy.0 = Release|x64
		{3D876EFB-83B7-4C89-AA51-0EC4531BAD29}.Release|x86.ActiveCfg = Release|x86
		{3D876EFB-83B7-4C89-AA51-0EC4531BAD29}.Release|x86.Build.0 = Release|x86
		{3D876EFB-83B7-4C89-AA51-0EC4531BAD29}.Release|x86.Deploy.0 = Release|x86
	EndGlobalSection
	GlobalSection(SolutionProperties) = preSolution
		HideSolutionNode = FALSE
	EndGlobalSection
	GlobalSection(ExtensibilityGlobals) = postSolution
		SolutionGuid = {0299857A-8D20-4B08-AE95-132B2F34B751}
	EndGlobalSection
EndGlobal
